
Microsoft Visual Studio Solution File, Format Version 12.00
# Visual Studio Version 17
VisualStudioVersion = 17.13.35919.96
MinimumVisualStudioVersion = 10.0.40219.1
Project("{FAE04EC0-301F-11D3-BF4B-00C04F79EFBC}") = "Velykorod_OOP_Project_WPF", "Velykorod_OOP_Project_WPF\Velykorod_OOP_Project_WPF.csproj", "{F9763D42-B166-42C6-A490-CF7AE0AED243}"
EndProject
Project("{FAE04EC0-301F-11D3-BF4B-00C04F79EFBC}") = "TestProject1", "TestProject1\TestProject1.csproj", "{AAB275B1-1732-4A4F-8EC2-1FAACA8A7707}"
EndProject
Global
	GlobalSection(SolutionConfigurationPlatforms) = preSolution
		Debug|Any CPU = Debug|Any CPU
		Release|Any CPU = Release|Any CPU
	EndGlobalSection
	GlobalSection(ProjectConfigurationPlatforms) = postSolution
		{F9763D42-B166-42C6-A490-CF7AE0AED243}.Debug|Any CPU.ActiveCfg = Debug|Any CPU
		{F9763D42-B166-42C6-A490-CF7AE0AED243}.Debug|Any CPU.Build.0 = Debug|Any CPU
		{F9763D42-B166-42C6-A490-CF7AE0AED243}.Release|Any CPU.ActiveCfg = Release|Any CPU
		{F9763D42-B166-42C6-A490-CF7AE0AED243}.Release|Any CPU.Build.0 = Release|Any CPU
		{AAB275B1-1732-4A4F-8EC2-1FAACA8A7707}.Debug|Any CPU.ActiveCfg = Debug|Any CPU
		{AAB275B1-1732-4A4F-8EC2-1FAACA8A7707}.Debug|Any CPU.Build.0 = Debug|Any CPU
		{AAB275B1-1732-4A4F-8EC2-1FAACA8A7707}.Release|Any CPU.ActiveCfg = Release|Any CPU
		{AAB275B1-1732-4A4F-8EC2-1FAACA8A7707}.Release|Any CPU.Build.0 = Release|Any CPU
	EndGlobalSection
	GlobalSection(SolutionProperties) = preSolution
		HideSolutionNode = FALSE
	EndGlobalSection
	GlobalSection(ExtensibilityGlobals) = postSolution
		SolutionGuid = {6DB675C8-CB0A-4CE1-862D-7496F1784F0D}
	EndGlobalSection
EndGlobal
